
Microsoft Visual Studio Solution File, Format Version 12.00
# Visual Studio 15
VisualStudioVersion = 15.0.28010.2016
MinimumVisualStudioVersion = 10.0.40219.1
Project("{FAE04EC0-301F-11D3-BF4B-00C04F79EFBC}") = "home_1", "home_1\home_1.csproj", "{6E88E955-F43C-4A55-9A6B-108ABF2B61C7}"
EndProject
Project("{FAE04EC0-301F-11D3-BF4B-00C04F79EFBC}") = "home_1_1", "home_1_1\home_1_1.csproj", "{051EA47C-D0D6-493A-A830-D3899D71D199}"
EndProject
Project("{FAE04EC0-301F-11D3-BF4B-00C04F79EFBC}") = "home_1_2", "home_1_2\home_1_2.csproj", "{F51C354F-28B9-4C89-902D-9A138736F193}"
EndProject
Global
	GlobalSection(SolutionConfigurationPlatforms) = preSolution
		Debug|Any CPU = Debug|Any CPU
		Release|Any CPU = Release|Any CPU
	EndGlobalSection
	GlobalSection(ProjectConfigurationPlatforms) = postSolution
		{6E88E955-F43C-4A55-9A6B-108ABF2B61C7}.Debug|Any CPU.ActiveCfg = Debug|Any CPU
		{6E88E955-F43C-4A55-9A6B-108ABF2B61C7}.Debug|Any CPU.Build.0 = Debug|Any CPU
		{6E88E955-F43C-4A55-9A6B-108ABF2B61C7}.Release|Any CPU.ActiveCfg = Release|Any CPU
		{6E88E955-F43C-4A55-9A6B-108ABF2B61C7}.Release|Any CPU.Build.0 = Release|Any CPU
		{051EA47C-D0D6-493A-A830-D3899D71D199}.Debug|Any CPU.ActiveCfg = Debug|Any CPU
		{051EA47C-D0D6-493A-A830-D3899D71D199}.Debug|Any CPU.Build.0 = Debug|Any CPU
		{051EA47C-D0D6-493A-A830-D3899D71D199}.Release|Any CPU.ActiveCfg = Release|Any CPU
		{051EA47C-D0D6-493A-A830-D3899D71D199}.Release|Any CPU.Build.0 = Release|Any CPU
		{F51C354F-28B9-4C89-902D-9A138736F193}.Debug|Any CPU.ActiveCfg = Debug|Any CPU
		{F51C354F-28B9-4C89-902D-9A138736F193}.Debug|Any CPU.Build.0 = Debug|Any CPU
		{F51C354F-28B9-4C89-902D-9A138736F193}.Release|Any CPU.ActiveCfg = Release|Any CPU
		{F51C354F-28B9-4C89-902D-9A138736F193}.Release|Any CPU.Build.0 = Release|Any CPU
	EndGlobalSection
	GlobalSection(SolutionProperties) = preSolution
		HideSolutionNode = FALSE
	EndGlobalSection
	GlobalSection(ExtensibilityGlobals) = postSolution
		SolutionGuid = {912B8C20-349B-4CCE-BD7F-3C2B38013667}
	EndGlobalSection
EndGlobal
