
Microsoft Visual Studio Solution File, Format Version 12.00
# Visual Studio 15
VisualStudioVersion = 15.0.26730.10
MinimumVisualStudioVersion = 10.0.40219.1
Project("{FAE04EC0-301F-11D3-BF4B-00C04F79EFBC}") = "lab_LINQ", "lab_LINQ\lab_LINQ.csproj", "{EA728508-4974-4AE2-8F13-59996F50B633}"
EndProject
Global
	GlobalSection(SolutionConfigurationPlatforms) = preSolution
		Debug|Any CPU = Debug|Any CPU
		Release|Any CPU = Release|Any CPU
	EndGlobalSection
	GlobalSection(ProjectConfigurationPlatforms) = postSolution
		{EA728508-4974-4AE2-8F13-59996F50B633}.Debug|Any CPU.ActiveCfg = Debug|Any CPU
		{EA728508-4974-4AE2-8F13-59996F50B633}.Debug|Any CPU.Build.0 = Debug|Any CPU
		{EA728508-4974-4AE2-8F13-59996F50B633}.Release|Any CPU.ActiveCfg = Release|Any CPU
		{EA728508-4974-4AE2-8F13-59996F50B633}.Release|Any CPU.Build.0 = Release|Any CPU
	EndGlobalSection
	GlobalSection(SolutionProperties) = preSolution
		HideSolutionNode = FALSE
	EndGlobalSection
	GlobalSection(ExtensibilityGlobals) = postSolution
		SolutionGuid = {3FBEA912-932F-4586-AFC2-5CDB6DD74935}
	EndGlobalSection
EndGlobal
